
Microsoft Visual Studio Solution File, Format Version 12.00
# Visual Studio Version 17
VisualStudioVersion = 17.7.34031.279
MinimumVisualStudioVersion = 10.0.40219.1
Project("{9A19103F-16F7-4668-BE54-9A1E7A4F7556}") = "MyBGList", "MyBGList\MyBGList.csproj", "{5EB404E9-F756-4207-AA57-112B9E493560}"
EndProject
Project("{FAE04EC0-301F-11D3-BF4B-00C04F79EFBC}") = "MyBGList_ApiVersion", "MyBGList_ApiVersion\MyBGList_ApiVersion.csproj", "{A9385107-C7E3-4498-B830-4ED9351CD455}"
EndProject
Global
	GlobalSection(SolutionConfigurationPlatforms) = preSolution
		Debug|Any CPU = Debug|Any CPU
		Release|Any CPU = Release|Any CPU
	EndGlobalSection
	GlobalSection(ProjectConfigurationPlatforms) = postSolution
		{5EB404E9-F756-4207-AA57-112B9E493560}.Debug|Any CPU.ActiveCfg = Debug|Any CPU
		{5EB404E9-F756-4207-AA57-112B9E493560}.Debug|Any CPU.Build.0 = Debug|Any CPU
		{5EB404E9-F756-4207-AA57-112B9E493560}.Release|Any CPU.ActiveCfg = Release|Any CPU
		{5EB404E9-F756-4207-AA57-112B9E493560}.Release|Any CPU.Build.0 = Release|Any CPU
		{A9385107-C7E3-4498-B830-4ED9351CD455}.Debug|Any CPU.ActiveCfg = Debug|Any CPU
		{A9385107-C7E3-4498-B830-4ED9351CD455}.Debug|Any CPU.Build.0 = Debug|Any CPU
		{A9385107-C7E3-4498-B830-4ED9351CD455}.Release|Any CPU.ActiveCfg = Release|Any CPU
		{A9385107-C7E3-4498-B830-4ED9351CD455}.Release|Any CPU.Build.0 = Release|Any CPU
	EndGlobalSection
	GlobalSection(SolutionProperties) = preSolution
		HideSolutionNode = FALSE
	EndGlobalSection
	GlobalSection(ExtensibilityGlobals) = postSolution
		SolutionGuid = {FC51604D-5BF2-414A-839A-8A644CDFA1D7}
	EndGlobalSection
EndGlobal
